github.com/halogenica/beautifulhugo v0.0.0-20241117162719-7b8953f455a4 h1:N7FQM+5KHUO5Kz65TU841CqSM/P/lOMbbPyjqKYnBQU=
github.com/halogenica/beautifulhugo v0.0.0-20241117162719-7b8953f455a4/go.mod h1:4dwHt6njigk+fr9W3Bg+OflL4LKzkjbXAULXvr3mYLs=
github.com/janraasch/hugo-bearblog v0.0.0-20250210172121-9501894b08fb h1:eTIYQiMWAWyGFUKFq4Rqfwl+Fli/9XAwjZNwq2uuMUY=
github.com/janraasch/hugo-bearblog v0.0.0-20250210172121-9501894b08fb/go.mod h1:qVJ3S3qhkRf6smf5f8vveeV/QX3ui8poHckF6Ykt9AU=
